
Microsoft Visual Studio Solution File, Format Version 12.00
# Visual Studio Version 17
VisualStudioVersion = 17.1.32407.343
MinimumVisualStudioVersion = 10.0.40219.1
Project("{FAE04EC0-301F-11D3-BF4B-00C04F79EFBC}") = "OperatorExercise", "OperatorExercise\OperatorExercise.csproj", "{DF93F6BA-CE44-4053-8A70-C935602401AB}"
EndProject
Global
	GlobalSection(SolutionConfigurationPlatforms) = preSolution
		Debug|Any CPU = Debug|Any CPU
		Release|Any CPU = Release|Any CPU
	EndGlobalSection
	GlobalSection(ProjectConfigurationPlatforms) = postSolution
		{DF93F6BA-CE44-4053-8A70-C935602401AB}.Debug|Any CPU.ActiveCfg = Debug|Any CPU
		{DF93F6BA-CE44-4053-8A70-C935602401AB}.Debug|Any CPU.Build.0 = Debug|Any CPU
		{DF93F6BA-CE44-4053-8A70-C935602401AB}.Release|Any CPU.ActiveCfg = Release|Any CPU
		{DF93F6BA-CE44-4053-8A70-C935602401AB}.Release|Any CPU.Build.0 = Release|Any CPU
	EndGlobalSection
	GlobalSection(SolutionProperties) = preSolution
		HideSolutionNode = FALSE
	EndGlobalSection
	GlobalSection(ExtensibilityGlobals) = postSolution
		SolutionGuid = {AFDE58FC-A882-4AD3-8AFF-A2CF91AEA821}
	EndGlobalSection
EndGlobal
